
Microsoft Visual Studio Solution File, Format Version 12.00
# Visual Studio Version 16
VisualStudioVersion = 16.0.31911.196
MinimumVisualStudioVersion = 10.0.40219.1
Project("{FAE04EC0-301F-11D3-BF4B-00C04F79EFBC}") = "WebApplication5", "WebApplication5\WebApplication5.csproj", "{9DDFF1E2-FC9E-4FB1-8C29-24961C32792B}"
EndProject
Global
	GlobalSection(SolutionConfigurationPlatforms) = preSolution
		Debug|Any CPU = Debug|Any CPU
		Release|Any CPU = Release|Any CPU
	EndGlobalSection
	GlobalSection(ProjectConfigurationPlatforms) = postSolution
		{9DDFF1E2-FC9E-4FB1-8C29-24961C32792B}.Debug|Any CPU.ActiveCfg = Debug|Any CPU
		{9DDFF1E2-FC9E-4FB1-8C29-24961C32792B}.Debug|Any CPU.Build.0 = Debug|Any CPU
		{9DDFF1E2-FC9E-4FB1-8C29-24961C32792B}.Release|Any CPU.ActiveCfg = Release|Any CPU
		{9DDFF1E2-FC9E-4FB1-8C29-24961C32792B}.Release|Any CPU.Build.0 = Release|Any CPU
	EndGlobalSection
	GlobalSection(SolutionProperties) = preSolution
		HideSolutionNode = FALSE
	EndGlobalSection
	GlobalSection(ExtensibilityGlobals) = postSolution
		SolutionGuid = {F8D2FCDA-EACB-480F-BF0C-5C0E6EA0B678}
	EndGlobalSection
EndGlobal
